// !$*UTF8*$!
{
	archiveVersion = 1;
	classes = {
	};
	objectVersion = 50;
	objects = {

/* Begin PBXBuildFile section */
		0C9A6D0785198D216035C3CC /* Pods_TheConcentrationGameMidterm.framework in Frameworks */ = {isa = PBXBuildFile; fileRef = 61913241AFB5309C9F92637D /* Pods_TheConcentrationGameMidterm.framework */; };
		6C934E51254E031E00E95CFC /* AppDelegate.swift in Sources */ = {isa = PBXBuildFile; fileRef = 6C934E50254E031E00E95CFC /* AppDelegate.swift */; };
		6C934E53254E031E00E95CFC /* SceneDelegate.swift in Sources */ = {isa = PBXBuildFile; fileRef = 6C934E52254E031E00E95CFC /* SceneDelegate.swift */; };
		6C934E55254E031E00E95CFC /* ViewController.swift in Sources */ = {isa = PBXBuildFile; fileRef = 6C934E54254E031E00E95CFC /* ViewController.swift */; };
		6C934E58254E031E00E95CFC /* Main.storyboard in Resources */ = {isa = PBXBuildFile; fileRef = 6C934E56254E031E00E95CFC /* Main.storyboard */; };
		6C934E5A254E032000E95CFC /* Assets.xcassets in Resources */ = {isa = PBXBuildFile; fileRef = 6C934E59254E032000E95CFC /* Assets.xcassets */; };
		6C934E5D254E032000E95CFC /* LaunchScreen.storyboard in Resources */ = {isa = PBXBuildFile; fileRef = 6C934E5B254E032000E95CFC /* LaunchScreen.storyboard */; };
		6C934E6A254E0ABE00E95CFC /* CardsView.swift in Sources */ = {isa = PBXBuildFile; fileRef = 6C934E69254E0ABE00E95CFC /* CardsView.swift */; };
		6CCE8AF025586ECA00AB2448 /* Button.swift in Sources */ = {isa = PBXBuildFile; fileRef = 6CCE8AEF25586ECA00AB2448 /* Button.swift */; };
		6CCE8AF32558768700AB2448 /* GameCards.swift in Sources */ = {isa = PBXBuildFile; fileRef = 6CCE8AF22558768700AB2448 /* GameCards.swift */; };
/* End PBXBuildFile section */

/* Begin PBXFileReference section */
		029B5499538A9C4DD7C4238D /* Pods-TheConcentrationGameMidterm.release.xcconfig */ = {isa = PBXFileReference; includeInIndex = 1; lastKnownFileType = text.xcconfig; name = "Pods-TheConcentrationGameMidterm.release.xcconfig"; path = "Target Support Files/Pods-TheConcentrationGameMidterm/Pods-TheConcentrationGameMidterm.release.xcconfig"; sourceTree = "<group>"; };
		27E480F863CE9AA9A384232E /* Pods-TheConcentrationGameMidterm.debug.xcconfig */ = {isa = PBXFileReference; includeInIndex = 1; lastKnownFileType = text.xcconfig; name = "Pods-TheConcentrationGameMidterm.debug.xcconfig"; path = "Target Support Files/Pods-TheConcentrationGameMidterm/Pods-TheConcentrationGameMidterm.debug.xcconfig"; sourceTree = "<group>"; };
		61913241AFB5309C9F92637D /* Pods_TheConcentrationGameMidterm.framework */ = {isa = PBXFileReference; explicitFileType = wrapper.framework; includeInIndex = 0; path = Pods_TheConcentrationGameMidterm.framework; sourceTree = BUILT_PRODUCTS_DIR; };
		6C934E4D254E031E00E95CFC /* TheConcentrationGameMidterm.app */ = {isa = PBXFileReference; explicitFileType = wrapper.application; includeInIndex = 0; path = TheConcentrationGameMidterm.app; sourceTree = BUILT_PRODUCTS_DIR; };
		6C934E50254E031E00E95CFC /* AppDelegate.swift */ = {isa = PBXFileReference; lastKnownFileType = sourcecode.swift; path = AppDelegate.swift; sourceTree = "<group>"; };
		6C934E52254E031E00E95CFC /* SceneDelegate.swift */ = {isa = PBXFileReference; lastKnownFileType = sourcecode.swift; path = SceneDelegate.swift; sourceTree = "<group>"; };
		6C934E54254E031E00E95CFC /* ViewController.swift */ = {isa = PBXFileReference; lastKnownFileType = sourcecode.swift; path = ViewController.swift; sourceTree = "<group>"; };
		6C934E57254E031E00E95CFC /* Base */ = {isa = PBXFileReference; lastKnownFileType = file.storyboard; name = Base; path = Base.lproj/Main.storyboard; sourceTree = "<group>"; };
		6C934E59254E032000E95CFC /* Assets.xcassets */ = {isa = PBXFileReference; lastKnownFileType = folder.assetcatalog; path = Assets.xcassets; sourceTree = "<group>"; };
		6C934E5C254E032000E95CFC /* Base */ = {isa = PBXFileReference; lastKnownFileType = file.storyboard; name = Base; path = Base.lproj/LaunchScreen.storyboard; sourceTree = "<group>"; };
		6C934E5E254E032000E95CFC /* Info.plist */ = {isa = PBXFileReference; lastKnownFileType = text.plist.xml; path = Info.plist; sourceTree = "<group>"; };
		6C934E69254E0ABE00E95CFC /* CardsView.swift */ = {isa = PBXFileReference; lastKnownFileType = sourcecode.swift; path = CardsView.swift; sourceTree = "<group>"; };
		6CCE8AEF25586ECA00AB2448 /* Button.swift */ = {isa = PBXFileReference; lastKnownFileType = sourcecode.swift; path = Button.swift; sourceTree = "<group>"; };
		6CCE8AF22558768700AB2448 /* GameCards.swift */ = {isa = PBXFileReference; lastKnownFileType = sourcecode.swift; path = GameCards.swift; sourceTree = "<group>"; };
/* End PBXFileReference section */

/* Begin PBXFrameworksBuildPhase section */
		6C934E4A254E031E00E95CFC /* Frameworks */ = {
			isa = PBXFrameworksBuildPhase;
			buildActionMask = 2147483647;
			files = (
				0C9A6D0785198D216035C3CC /* Pods_TheConcentrationGameMidterm.framework in Frameworks */,
			);
			runOnlyForDeploymentPostprocessing = 0;
		};
/* End PBXFrameworksBuildPhase section */

/* Begin PBXGroup section */
		6C934E44254E031E00E95CFC = {
			isa = PBXGroup;
			children = (
				6C934E4F254E031E00E95CFC /* TheConcentrationGameMidterm */,
				6C934E4E254E031E00E95CFC /* Products */,
				92A43F8D73F078CA396C113B /* Pods */,
				8904D397E9E36982CC02EBAE /* Frameworks */,
			);
			sourceTree = "<group>";
		};
		6C934E4E254E031E00E95CFC /* Products */ = {
			isa = PBXGroup;
			children = (
				6C934E4D254E031E00E95CFC /* TheConcentrationGameMidterm.app */,
			);
			name = Products;
			sourceTree = "<group>";
		};
		6C934E4F254E031E00E95CFC /* TheConcentrationGameMidterm */ = {
			isa = PBXGroup;
			children = (
				6C934E50254E031E00E95CFC /* AppDelegate.swift */,
				6C934E52254E031E00E95CFC /* SceneDelegate.swift */,
				6C934E54254E031E00E95CFC /* ViewController.swift */,
				6C934E56254E031E00E95CFC /* Main.storyboard */,
				6C934E59254E032000E95CFC /* Assets.xcassets */,
				6C934E5B254E032000E95CFC /* LaunchScreen.storyboard */,
				6C934E5E254E032000E95CFC /* Info.plist */,
				6C934E69254E0ABE00E95CFC /* CardsView.swift */,
				6CCE8AEF25586ECA00AB2448 /* Button.swift */,
				6CCE8AF22558768700AB2448 /* GameCards.swift */,
			);
			path = TheConcentrationGameMidterm;
			sourceTree = "<group>";
		};
		8904D397E9E36982CC02EBAE /* Frameworks */ = {
			isa = PBXGroup;
			children = (
				61913241AFB5309C9F92637D /* Pods_TheConcentrationGameMidterm.framework */,
			);
			name = Frameworks;
			sourceTree = "<group>";
		};
		92A43F8D73F078CA396C113B /* Pods */ = {
			isa = PBXGroup;
			children = (
				27E480F863CE9AA9A384232E /* Pods-TheConcentrationGameMidterm.debug.xcconfig */,
				029B5499538A9C4DD7C4238D /* Pods-TheConcentrationGameMidterm.release.xcconfig */,
			);
			name = Pods;
			path = Pods;
			sourceTree = "<group>";
		};
/* End PBXGroup section */

/* Begin PBXNativeTarget section */
		6C934E4C254E031E00E95CFC /* TheConcentrationGameMidterm */ = {
			isa = PBXNativeTarget;
			buildConfigurationList = 6C934E61254E032000E95CFC /* Build configuration list for PBXNativeTarget "TheConcentrationGameMidterm" */;
			buildPhases = (
				70876E3FF1FC694C2C2F1248 /* [CP] Check Pods Manifest.lock */,
				6C934E49254E031E00E95CFC /* Sources */,
				6C934E4A254E031E00E95CFC /* Frameworks */,
				6C934E4B254E031E00E95CFC /* Resources */,
				3A29F0E6904972732B3AF738 /* [CP] Embed Pods Frameworks */,
			);
			buildRules = (
			);
			dependencies = (
			);
			name = TheConcentrationGameMidterm;
			productName = TheConcentrationGameMidterm;
			productReference = 6C934E4D254E031E00E95CFC /* TheConcentrationGameMidterm.app */;
			productType = "com.apple.product-type.application";
		};
/* End PBXNativeTarget section */

/* Begin PBXProject section */
		6C934E45254E031E00E95CFC /* Project object */ = {
			isa = PBXProject;
			attributes = {
				LastSwiftUpdateCheck = 1200;
				LastUpgradeCheck = 1200;
				TargetAttributes = {
					6C934E4C254E031E00E95CFC = {
						CreatedOnToolsVersion = 12.0.1;
					};
				};
			};
			buildConfigurationList = 6C934E48254E031E00E95CFC /* Build configuration list for PBXProject "TheConcentrationGameMidterm" */;
			compatibilityVersion = "Xcode 9.3";
			developmentRegion = en;
			hasScannedForEncodings = 0;
			knownRegions = (
				en,
				Base,
			);
			mainGroup = 6C934E44254E031E00E95CFC;
			productRefGroup = 6C934E4E254E031E00E95CFC /* Products */;
			projectDirPath = "";
			projectRoot = "";
			targets = (
				6C934E4C254E031E00E95CFC /* TheConcentrationGameMidterm */,
			);
		};
/* End PBXProject section */

/* Begin PBXResourcesBuildPhase section */
		6C934E4B254E031E00E95CFC /* Resources */ = {
			isa = PBXResourcesBuildPhase;
			buildActionMask = 2147483647;
			files = (
				6C934E5D254E032000E95CFC /* LaunchScreen.storyboard in Resources */,
				6C934E5A254E032000E95CFC /* Assets.xcassets in Resources */,
				6C934E58254E031E00E95CFC /* Main.storyboard in Resources */,
			);
			runOnlyForDeploymentPostprocessing = 0;
		};
/* End PBXResourcesBuildPhase section */

/* Begin PBXShellScriptBuildPhase section */
		3A29F0E6904972732B3AF738 /* [CP] Embed Pods Frameworks */ = {
			isa = PBXShellScriptBuildPhase;
			buildActionMask = 2147483647;
			files = (
			);
			inputFileListPaths = (
				"${PODS_ROOT}/Target Support Files/Pods-TheConcentrationGameMidterm/Pods-TheConcentrationGameMidterm-frameworks-${CONFIGURATION}-input-files.xcfilelist",
			);
			name = "[CP] Embed Pods Frameworks";
			outputFileListPaths = (
				"${PODS_ROOT}/Target Support Files/Pods-TheConcentrationGameMidterm/Pods-TheConcentrationGameMidterm-frameworks-${CONFIGURATION}-output-files.xcfilelist",
			);
			runOnlyForDeploymentPostprocessing = 0;
			shellPath = /bin/sh;
			shellScript = "\"${PODS_ROOT}/Target Support Files/Pods-TheConcentrationGameMidterm/Pods-TheConcentrationGameMidterm-frameworks.sh\"\n";
			showEnvVarsInLog = 0;
		};
		70876E3FF1FC694C2C2F1248 /* [CP] Check Pods Manifest.lock */ = {
			isa = PBXShellScriptBuildPhase;
			buildActionMask = 2147483647;
			files = (
			);
			inputFileListPaths = (
			);
			inputPaths = (
				"${PODS_PODFILE_DIR_PATH}/Podfile.lock",
				"${PODS_ROOT}/Manifest.lock",
			);
			name = "[CP] Check Pods Manifest.lock";
			outputFileListPaths = (
			);
			outputPaths = (
				"$(DERIVED_FILE_DIR)/Pods-TheConcentrationGameMidterm-checkManifestLockResult.txt",
			);
			runOnlyForDeploymentPostprocessing = 0;
			shellPath = /bin/sh;
			shellScript = "diff \"${PODS_PODFILE_DIR_PATH}/Podfile.lock\" \"${PODS_ROOT}/Manifest.lock\" > /dev/null\nif [ $? != 0 ] ; then\n    # print error to STDERR\n    echo \"error: The sandbox is not in sync with the Podfile.lock. Run 'pod install' or update your CocoaPods installation.\" >&2\n    exit 1\nfi\n# This output is used by Xcode 'outputs' to avoid re-running this script phase.\necho \"SUCCESS\" > \"${SCRIPT_OUTPUT_FILE_0}\"\n";
			showEnvVarsInLog = 0;
		};
/* End PBXShellScriptBuildPhase section */

/* Begin PBXSourcesBuildPhase section */
		6C934E49254E031E00E95CFC /* Sources */ = {
			isa = PBXSourcesBuildPhase;
			buildActionMask = 2147483647;
			files = (
				6CCE8AF025586ECA00AB2448 /* Button.swift in Sources */,
				6CCE8AF32558768700AB2448 /* GameCards.swift in Sources */,
				6C934E55254E031E00E95CFC /* ViewController.swift in Sources */,
				6C934E51254E031E00E95CFC /* AppDelegate.swift in Sources */,
				6C934E6A254E0ABE00E95CFC /* CardsView.swift in Sources */,
				6C934E53254E031E00E95CFC /* SceneDelegate.swift in Sources */,
			);
			runOnlyForDeploymentPostprocessing = 0;
		};
/* End PBXSourcesBuildPhase section */

/* Begin PBXVariantGroup section */
		6C934E56254E031E00E95CFC /* Main.storyboard */ = {
			isa = PBXVariantGroup;
			children = (
				6C934E57254E031E00E95CFC /* Base */,
			);
			name = Main.storyboard;
			sourceTree = "<group>";
		};
		6C934E5B254E032000E95CFC /* LaunchScreen.storyboard */ = {
			isa = PBXVariantGroup;
			children = (
				6C934E5C254E032000E95CFC /* Base */,
			);
			name = LaunchScreen.storyboard;
			sourceTree = "<group>";
		};
/* End PBXVariantGroup section */

/* Begin XCBuildConfiguration section */
		6C934E5F254E032000E95CFC /* Debug */ = {
			isa = XCBuildConfiguration;
			buildSettings = {
				ALWAYS_SEARCH_USER_PATHS = NO;
				CLANG_ANALYZER_NONNULL = YES;
				CLANG_ANALYZER_NUMBER_OBJECT_CONVERSION = YES_AGGRESSIVE;
				CLANG_CXX_LANGUAGE_STANDARD = "gnu++14";
				CLANG_CXX_LIBRARY = "libc++";
				CLANG_ENABLE_MODULES = YES;
				CLANG_ENABLE_OBJC_ARC = YES;
				CLANG_ENABLE_OBJC_WEAK = YES;
				CLANG_WARN_BLOCK_CAPTURE_AUTORELEASING = YES;
				CLANG_WARN_BOOL_CONVERSION = YES;
				CLANG_WARN_COMMA = YES;
				CLANG_WARN_CONSTANT_CONVERSION = YES;
				CLANG_WARN_DEPRECATED_OBJC_IMPLEMENTATIONS = YES;
				CLANG_WARN_DIRECT_OBJC_ISA_USAGE = YES_ERROR;
				CLANG_WARN_DOCUMENTATION_COMMENTS = YES;
				CLANG_WARN_EMPTY_BODY = YES;
				CLANG_WARN_ENUM_CONVERSION = YES;
				CLANG_WARN_INFINITE_RECURSION = YES;
				CLANG_WARN_INT_CONVERSION = YES;
				CLANG_WARN_NON_LITERAL_NULL_CONVERSION = YES;
				CLANG_WARN_OBJC_IMPLICIT_RETAIN_SELF = YES;
				CLANG_WARN_OBJC_LITERAL_CONVERSION = YES;
				CLANG_WARN_OBJC_ROOT_CLASS = YES_ERROR;
				CLANG_WARN_QUOTED_INCLUDE_IN_FRAMEWORK_HEADER = YES;
				CLANG_WARN_RANGE_LOOP_ANALYSIS = YES;
				CLANG_WARN_STRICT_PROTOTYPES = YES;
				CLANG_WARN_SUSPICIOUS_MOVE = YES;
				CLANG_WARN_UNGUARDED_AVAILABILITY = YES_AGGRESSIVE;
				CLANG_WARN_UNREACHABLE_CODE = YES;
				CLANG_WARN__DUPLICATE_METHOD_MATCH = YES;
				COPY_PHASE_STRIP = NO;
				DEBUG_INFORMATION_FORMAT = dwarf;
				ENABLE_STRICT_OBJC_MSGSEND = YES;
				ENABLE_TESTABILITY = YES;
				GCC_C_LANGUAGE_STANDARD = gnu11;
				GCC_DYNAMIC_NO_PIC = NO;
				GCC_NO_COMMON_BLOCKS = YES;
				GCC_OPTIMIZATION_LEVEL = 0;
				GCC_PREPROCESSOR_DEFINITIONS = (
					"DEBUG=1",
					"$(inherited)",
				);
				GCC_WARN_64_TO_32_BIT_CONVERSION = YES;
				GCC_WARN_ABOUT_RETURN_TYPE = YES_ERROR;
				GCC_WARN_UNDECLARED_SELECTOR = YES;
				GCC_WARN_UNINITIALIZED_AUTOS = YES_AGGRESSIVE;
				GCC_WARN_UNUSED_FUNCTION = YES;
				GCC_WARN_UNUSED_VARIABLE = YES;
				IPHONEOS_DEPLOYMENT_TARGET = 14.0;
				MTL_ENABLE_DEBUG_INFO = INCLUDE_SOURCE;
				MTL_FAST_MATH = YES;
				ONLY_ACTIVE_ARCH = YES;
				SDKROOT = iphoneos;
				SWIFT_ACTIVE_COMPILATION_CONDITIONS = DEBUG;
				SWIFT_OPTIMIZATION_LEVEL = "-Onone";
			};
			name = Debug;
		};
		6C934E60254E032000E95CFC /* Release */ = {
			isa = XCBuildConfiguration;
			buildSettings = {
				ALWAYS_SEARCH_USER_PATHS = NO;
				CLANG_ANALYZER_NONNULL = YES;
				CLANG_ANALYZER_NUMBER_OBJECT_CONVERSION = YES_AGGRESSIVE;
				CLANG_CXX_LANGUAGE_STANDARD = "gnu++14";
				CLANG_CXX_LIBRARY = "libc++";
				CLANG_ENABLE_MODULES = YES;
				CLANG_ENABLE_OBJC_ARC = YES;
				CLANG_ENABLE_OBJC_WEAK = YES;
				CLANG_WARN_BLOCK_CAPTURE_AUTORELEASING = YES;
				CLANG_WARN_BOOL_CONVERSION = YES;
				CLANG_WARN_COMMA = YES;
				CLANG_WARN_CONSTANT_CONVERSION = YES;
				CLANG_WARN_DEPRECATED_OBJC_IMPLEMENTATIONS = YES;
				CLANG_WARN_DIRECT_OBJC_ISA_USAGE = YES_ERROR;
				CLANG_WARN_DOCUMENTATION_COMMENTS = YES;
				CLANG_WARN_EMPTY_BODY = YES;
				CLANG_WARN_ENUM_CONVERSION = YES;
				CLANG_WARN_INFINITE_RECURSION = YES;
				CLANG_WARN_INT_CONVERSION = YES;
				CLANG_WARN_NON_LITERAL_NULL_CONVERSION = YES;
				CLANG_WARN_OBJC_IMPLICIT_RETAIN_SELF = YES;
				CLANG_WARN_OBJC_LITERAL_CONVERSION = YES;
				CLANG_WARN_OBJC_ROOT_CLASS = YES_ERROR;
				CLANG_WARN_QUOTED_INCLUDE_IN_FRAMEWORK_HEADER = YES;
				CLANG_WARN_RANGE_LOOP_ANALYSIS = YES;
				CLANG_WARN_STRICT_PROTOTYPES = YES;
				CLANG_WARN_SUSPICIOUS_MOVE = YES;
				CLANG_WARN_UNGUARDED_AVAILABILITY = YES_AGGRESSIVE;
				CLANG_WARN_UNREACHABLE_CODE = YES;
				CLANG_WARN__DUPLICATE_METHOD_MATCH = YES;
				COPY_PHASE_STRIP = NO;
				DEBUG_INFORMATION_FORMAT = "dwarf-with-dsym";
				ENABLE_NS_ASSERTIONS = NO;
				ENABLE_STRICT_OBJC_MSGSEND = YES;
				GCC_C_LANGUAGE_STANDARD = gnu11;
				GCC_NO_COMMON_BLOCKS = YES;
				GCC_WARN_64_TO_32_BIT_CONVERSION = YES;
				GCC_WARN_ABOUT_RETURN_TYPE = YES_ERROR;
				GCC_WARN_UNDECLARED_SELECTOR = YES;
				GCC_WARN_UNINITIALIZED_AUTOS = YES_AGGRESSIVE;
				GCC_WARN_UNUSED_FUNCTION = YES;
				GCC_WARN_UNUSED_VARIABLE = YES;
				IPHONEOS_DEPLOYMENT_TARGET = 14.0;
				MTL_ENABLE_DEBUG_INFO = NO;
				MTL_FAST_MATH = YES;
				SDKROOT = iphoneos;
				SWIFT_COMPILATION_MODE = wholemodule;
				SWIFT_OPTIMIZATION_LEVEL = "-O";
				VALIDATE_PRODUCT = YES;
			};
			name = Release;
		};
		6C934E62254E032000E95CFC /* Debug */ = {
			isa = XCBuildConfiguration;
			baseConfigurationReference = 27E480F863CE9AA9A384232E /* Pods-TheConcentrationGameMidterm.debug.xcconfig */;
			buildSettings = {
				ASSETCATALOG_COMPILER_APPICON_NAME = AppIcon;
				ASSETCATALOG_COMPILER_GLOBAL_ACCENT_COLOR_NAME = AccentColor;
				CODE_SIGN_STYLE = Automatic;
				INFOPLIST_FILE = TheConcentrationGameMidterm/Info.plist;
				LD_RUNPATH_SEARCH_PATHS = (
					"$(inherited)",
					"@executable_path/Frameworks",
				);
				PRODUCT_BUNDLE_IDENTIFIER = kg.auca.dimashmello.TheConcentrationGameMidterm;
				PRODUCT_NAME = "$(TARGET_NAME)";
				SWIFT_VERSION = 5.0;
				TARGETED_DEVICE_FAMILY = "1,2";
			};
			name = Debug;
		};
		6C934E63254E032000E95CFC /* Release */ = {
			isa = XCBuildConfiguration;
			baseConfigurationReference = 029B5499538A9C4DD7C4238D /* Pods-TheConcentrationGameMidterm.release.xcconfig */;
			buildSettings = {
				ASSETCATALOG_COMPILER_APPICON_NAME = AppIcon;
				ASSETCATALOG_COMPILER_GLOBAL_ACCENT_COLOR_NAME = AccentColor;
				CODE_SIGN_STYLE = Automatic;
				INFOPLIST_FILE = TheConcentrationGameMidterm/Info.plist;
				LD_RUNPATH_SEARCH_PATHS = (
					"$(inherited)",
					"@executable_path/Frameworks",
				);
				PRODUCT_BUNDLE_IDENTIFIER = kg.auca.dimashmello.TheConcentrationGameMidterm;
				PRODUCT_NAME = "$(TARGET_NAME)";
				SWIFT_VERSION = 5.0;
				TARGETED_DEVICE_FAMILY = "1,2";
			};
			name = Release;
		};
/* End XCBuildConfiguration section */

/* Begin XCConfigurationList section */
		6C934E48254E031E00E95CFC /* Build configuration list for PBXProject "TheConcentrationGameMidterm" */ = {
			isa = XCConfigurationList;
			buildConfigurations = (
				6C934E5F254E032000E95CFC /* Debug */,
				6C934E60254E032000E95CFC /* Release */,
			);
			defaultConfigurationIsVisible = 0;
			defaultConfigurationName = Release;
		};
		6C934E61254E032000E95CFC /* Build configuration list for PBXNativeTarget "TheConcentrationGameMidterm" */ = {
			isa = XCConfigurationList;
			buildConfigurations = (
				6C934E62254E032000E95CFC /* Debug */,
				6C934E63254E032000E95CFC /* Release */,
			);
			defaultConfigurationIsVisible = 0;
			defaultConfigurationName = Release;
		};
/* End XCConfigurationList section */
	};
	rootObject = 6C934E45254E031E00E95CFC /* Project object */;
}
